{
  "originHash" : "6af5e6c7c95a070aeeca7933475b1eebbf87845f964d236f48c5013801d3ccff",
  "pins" : [
    {
      "identity" : "capacitor-swift-pm",
      "kind" : "remoteSourceControl",
      "location" : "https://github.com/ionic-team/capacitor-swift-pm.git",
      "state" : {
        "revision" : "0b6882e9a3288342aacf36348e5a94e4f1dd7b13",
        "version" : "8.5.2"
      }
    }
  ],
  "version" : 3
}
